
Microsoft Visual Studio Solution File, Format Version 12.00
# Visual Studio Version 17
VisualStudioVersion = 17.14.36221.1 d17.14
MinimumVisualStudioVersion = 10.0.40219.1
Project("{FAE04EC0-301F-11D3-BF4B-00C04F79EFBC}") = "Omnichannel", "Omnichannel.csproj", "{0CCBA98F-AC46-4C57-8E45-20BC6CBCAC9D}"
EndProject
Project("{FAE04EC0-301F-11D3-BF4B-00C04F79EFBC}") = "Omnichannel.Tests", "Omnichannel.Tests\Omnichannel.Tests.csproj", "{9B1D37F4-42B7-4FC1-84CF-C0E5830CF109}"
EndProject
Global
	GlobalSection(SolutionConfigurationPlatforms) = preSolution
		Debug|Any CPU = Debug|Any CPU
		Release|Any CPU = Release|Any CPU
	EndGlobalSection
	GlobalSection(ProjectConfigurationPlatforms) = postSolution
		{0CCBA98F-AC46-4C57-8E45-20BC6CBCAC9D}.Debug|Any CPU.ActiveCfg = Debug|Any CPU
		{0CCBA98F-AC46-4C57-8E45-20BC6CBCAC9D}.Debug|Any CPU.Build.0 = Debug|Any CPU
		{0CCBA98F-AC46-4C57-8E45-20BC6CBCAC9D}.Release|Any CPU.ActiveCfg = Release|Any CPU
		{0CCBA98F-AC46-4C57-8E45-20BC6CBCAC9D}.Release|Any CPU.Build.0 = Release|Any CPU
		{9B1D37F4-42B7-4FC1-84CF-C0E5830CF109}.Debug|Any CPU.ActiveCfg = Debug|Any CPU
		{9B1D37F4-42B7-4FC1-84CF-C0E5830CF109}.Debug|Any CPU.Build.0 = Debug|Any CPU
		{9B1D37F4-42B7-4FC1-84CF-C0E5830CF109}.Release|Any CPU.ActiveCfg = Release|Any CPU
		{9B1D37F4-42B7-4FC1-84CF-C0E5830CF109}.Release|Any CPU.Build.0 = Release|Any CPU
	EndGlobalSection
	GlobalSection(SolutionProperties) = preSolution
		HideSolutionNode = FALSE
	EndGlobalSection
	GlobalSection(ExtensibilityGlobals) = postSolution
		SolutionGuid = {44A8D834-21DF-4BB9-91B5-0FBF086DE9F1}
	EndGlobalSection
EndGlobal
